
Microsoft Visual Studio Solution File, Format Version 12.00
# Visual Studio Version 17
VisualStudioVersion = 17.9.34616.47
MinimumVisualStudioVersion = 10.0.40219.1
Project("{FAE04EC0-301F-11D3-BF4B-00C04F79EFBC}") = "tpmodul10_1302220053", "tpmodul10_1302220053\tpmodul10_1302220053.csproj", "{8AFA3CFB-5974-46D0-999E-234E2394F846}"
EndProject
Global
	GlobalSection(SolutionConfigurationPlatforms) = preSolution
		Debug|Any CPU = Debug|Any CPU
		Release|Any CPU = Release|Any CPU
	EndGlobalSection
	GlobalSection(ProjectConfigurationPlatforms) = postSolution
		{8AFA3CFB-5974-46D0-999E-234E2394F846}.Debug|Any CPU.ActiveCfg = Debug|Any CPU
		{8AFA3CFB-5974-46D0-999E-234E2394F846}.Debug|Any CPU.Build.0 = Debug|Any CPU
		{8AFA3CFB-5974-46D0-999E-234E2394F846}.Release|Any CPU.ActiveCfg = Release|Any CPU
		{8AFA3CFB-5974-46D0-999E-234E2394F846}.Release|Any CPU.Build.0 = Release|Any CPU
	EndGlobalSection
	GlobalSection(SolutionProperties) = preSolution
		HideSolutionNode = FALSE
	EndGlobalSection
	GlobalSection(ExtensibilityGlobals) = postSolution
		SolutionGuid = {F2C56AAE-9812-4CAC-AAF4-FF5408DDF46A}
	EndGlobalSection
EndGlobal
