
Microsoft Visual Studio Solution File, Format Version 12.00
# Visual Studio Version 17
VisualStudioVersion = 17.9.34616.47
MinimumVisualStudioVersion = 10.0.40219.1
Project("{FAE04EC0-301F-11D3-BF4B-00C04F79EFBC}") = "tpmodul10_1302220053", "tpmodul10_1302220053\tpmodul10_1302220053.csproj", "{24B8A4F1-4B81-4811-AA8D-52A7EBC5BA25}"
EndProject
Global
	GlobalSection(SolutionConfigurationPlatforms) = preSolution
		Debug|Any CPU = Debug|Any CPU
		Release|Any CPU = Release|Any CPU
	EndGlobalSection
	GlobalSection(ProjectConfigurationPlatforms) = postSolution
		{24B8A4F1-4B81-4811-AA8D-52A7EBC5BA25}.Debug|Any CPU.ActiveCfg = Debug|Any CPU
		{24B8A4F1-4B81-4811-AA8D-52A7EBC5BA25}.Debug|Any CPU.Build.0 = Debug|Any CPU
		{24B8A4F1-4B81-4811-AA8D-52A7EBC5BA25}.Release|Any CPU.ActiveCfg = Release|Any CPU
		{24B8A4F1-4B81-4811-AA8D-52A7EBC5BA25}.Release|Any CPU.Build.0 = Release|Any CPU
	EndGlobalSection
	GlobalSection(SolutionProperties) = preSolution
		HideSolutionNode = FALSE
	EndGlobalSection
	GlobalSection(ExtensibilityGlobals) = postSolution
		SolutionGuid = {334AC3FA-EA79-4C4E-B55E-46A7CCFAC0DC}
	EndGlobalSection
EndGlobal
